
Microsoft Visual Studio Solution File, Format Version 12.00
# Visual Studio Version 16
VisualStudioVersion = 16.0.31624.102
MinimumVisualStudioVersion = 10.0.40219.1
Project("{FAE04EC0-301F-11D3-BF4B-00C04F79EFBC}") = "Mech368Lab3", "Mech368Lab3.csproj", "{1113EFE6-00E4-4DAA-B0F2-681258FD5AD9}"
EndProject
Global
	GlobalSection(SolutionConfigurationPlatforms) = preSolution
		Debug|Any CPU = Debug|Any CPU
		Release|Any CPU = Release|Any CPU
	EndGlobalSection
	GlobalSection(ProjectConfigurationPlatforms) = postSolution
		{1113EFE6-00E4-4DAA-B0F2-681258FD5AD9}.Debug|Any CPU.ActiveCfg = Debug|Any CPU
		{1113EFE6-00E4-4DAA-B0F2-681258FD5AD9}.Debug|Any CPU.Build.0 = Debug|Any CPU
		{1113EFE6-00E4-4DAA-B0F2-681258FD5AD9}.Release|Any CPU.ActiveCfg = Release|Any CPU
		{1113EFE6-00E4-4DAA-B0F2-681258FD5AD9}.Release|Any CPU.Build.0 = Release|Any CPU
	EndGlobalSection
	GlobalSection(SolutionProperties) = preSolution
		HideSolutionNode = FALSE
	EndGlobalSection
	GlobalSection(ExtensibilityGlobals) = postSolution
		SolutionGuid = {92ECC91C-E18C-4753-AE84-B3520B60B84E}
	EndGlobalSection
EndGlobal
