
Microsoft Visual Studio Solution File, Format Version 12.00
# Visual Studio Version 16
VisualStudioVersion = 16.0.31624.102
MinimumVisualStudioVersion = 10.0.40219.1
Project("{FAE04EC0-301F-11D3-BF4B-00C04F79EFBC}") = "Mech368L2E3", "Mech368L2E1_\Mech368L2E3.csproj", "{5908E17B-B0B5-4BFF-B35B-6BDA9BEA23C5}"
EndProject
Project("{FAE04EC0-301F-11D3-BF4B-00C04F79EFBC}") = "Mech368Lab2E6", "Mech368Lab2E6\Mech368Lab2E6.csproj", "{666258BB-A829-4CB9-8DD1-B9414CE11781}"
EndProject
Global
	GlobalSection(SolutionConfigurationPlatforms) = preSolution
		Debug|Any CPU = Debug|Any CPU
		Release|Any CPU = Release|Any CPU
	EndGlobalSection
	GlobalSection(ProjectConfigurationPlatforms) = postSolution
		{5908E17B-B0B5-4BFF-B35B-6BDA9BEA23C5}.Debug|Any CPU.ActiveCfg = Debug|Any CPU
		{5908E17B-B0B5-4BFF-B35B-6BDA9BEA23C5}.Debug|Any CPU.Build.0 = Debug|Any CPU
		{5908E17B-B0B5-4BFF-B35B-6BDA9BEA23C5}.Release|Any CPU.ActiveCfg = Release|Any CPU
		{5908E17B-B0B5-4BFF-B35B-6BDA9BEA23C5}.Release|Any CPU.Build.0 = Release|Any CPU
		{666258BB-A829-4CB9-8DD1-B9414CE11781}.Debug|Any CPU.ActiveCfg = Debug|Any CPU
		{666258BB-A829-4CB9-8DD1-B9414CE11781}.Debug|Any CPU.Build.0 = Debug|Any CPU
		{666258BB-A829-4CB9-8DD1-B9414CE11781}.Release|Any CPU.ActiveCfg = Release|Any CPU
		{666258BB-A829-4CB9-8DD1-B9414CE11781}.Release|Any CPU.Build.0 = Release|Any CPU
	EndGlobalSection
	GlobalSection(SolutionProperties) = preSolution
		HideSolutionNode = FALSE
	EndGlobalSection
	GlobalSection(ExtensibilityGlobals) = postSolution
		SolutionGuid = {70A1FB04-3F50-47C3-A094-D83A8F8DFA3B}
	EndGlobalSection
EndGlobal
